
Microsoft Visual Studio Solution File, Format Version 12.00
# Visual Studio Version 17
VisualStudioVersion = 17.8.34525.116
MinimumVisualStudioVersion = 10.0.40219.1
Project("{FAE04EC0-301F-11D3-BF4B-00C04F79EFBC}") = "WebApplication5", "WebApplication5.csproj", "{76B3EC2F-3A52-49FA-885D-6CA08871A0B8}"
EndProject
Global
	GlobalSection(SolutionConfigurationPlatforms) = preSolution
		Debug|Any CPU = Debug|Any CPU
		Release|Any CPU = Release|Any CPU
	EndGlobalSection
	GlobalSection(ProjectConfigurationPlatforms) = postSolution
		{76B3EC2F-3A52-49FA-885D-6CA08871A0B8}.Debug|Any CPU.ActiveCfg = Debug|Any CPU
		{76B3EC2F-3A52-49FA-885D-6CA08871A0B8}.Debug|Any CPU.Build.0 = Debug|Any CPU
		{76B3EC2F-3A52-49FA-885D-6CA08871A0B8}.Release|Any CPU.ActiveCfg = Release|Any CPU
		{76B3EC2F-3A52-49FA-885D-6CA08871A0B8}.Release|Any CPU.Build.0 = Release|Any CPU
	EndGlobalSection
	GlobalSection(SolutionProperties) = preSolution
		HideSolutionNode = FALSE
	EndGlobalSection
	GlobalSection(ExtensibilityGlobals) = postSolution
		SolutionGuid = {08C2D9B9-1801-4716-8DC7-630B0795AFB3}
	EndGlobalSection
EndGlobal
